
Microsoft Visual Studio Solution File, Format Version 12.00
# Visual Studio Version 16
VisualStudioVersion = 16.0.30804.86
MinimumVisualStudioVersion = 10.0.40219.1
Project("{FAE04EC0-301F-11D3-BF4B-00C04F79EFBC}") = "SindCoAPI", "SindCoAPI\SindCoAPI.csproj", "{101B87CE-0445-43C4-90A6-B4603BBC6318}"
EndProject
Global
	GlobalSection(SolutionConfigurationPlatforms) = preSolution
		Debug|Any CPU = Debug|Any CPU
		Release|Any CPU = Release|Any CPU
	EndGlobalSection
	GlobalSection(ProjectConfigurationPlatforms) = postSolution
		{101B87CE-0445-43C4-90A6-B4603BBC6318}.Debug|Any CPU.ActiveCfg = Debug|Any CPU
		{101B87CE-0445-43C4-90A6-B4603BBC6318}.Debug|Any CPU.Build.0 = Debug|Any CPU
		{101B87CE-0445-43C4-90A6-B4603BBC6318}.Release|Any CPU.ActiveCfg = Release|Any CPU
		{101B87CE-0445-43C4-90A6-B4603BBC6318}.Release|Any CPU.Build.0 = Release|Any CPU
	EndGlobalSection
	GlobalSection(SolutionProperties) = preSolution
		HideSolutionNode = FALSE
	EndGlobalSection
	GlobalSection(ExtensibilityGlobals) = postSolution
		SolutionGuid = {3D12FD8E-E851-4C95-98BD-85AC6DA6F891}
	EndGlobalSection
EndGlobal
